
Microsoft Visual Studio Solution File, Format Version 12.00
# Visual Studio Version 16
VisualStudioVersion = 16.0.31515.178
MinimumVisualStudioVersion = 10.0.40219.1
Project("{FAE04EC0-301F-11D3-BF4B-00C04F79EFBC}") = "LoginForm", "LoginForm\LoginForm.csproj", "{38322089-D446-4134-9FDD-5767A89F7F05}"
EndProject
Project("{FAE04EC0-301F-11D3-BF4B-00C04F79EFBC}") = "FileCheck", "FileCheck\FileCheck.csproj", "{72D911B1-0747-4604-ABA8-361172FAA330}"
EndProject
Project("{FAE04EC0-301F-11D3-BF4B-00C04F79EFBC}") = "ProcessCheck", "ProcessCheck\ProcessCheck.csproj", "{7B7C2511-2596-4C0B-8D64-98C654667761}"
EndProject
Project("{FAE04EC0-301F-11D3-BF4B-00C04F79EFBC}") = "Diary", "Diary\Diary.csproj", "{DBC9E3E2-4ACD-4EAA-9314-ED720EEA4E6B}"
EndProject
Project("{FAE04EC0-301F-11D3-BF4B-00C04F79EFBC}") = "MagicBox", "MagicBox\MagicBox.csproj", "{966CA0BB-6AE2-4284-9003-A6F991596A89}"
EndProject
Project("{FAE04EC0-301F-11D3-BF4B-00C04F79EFBC}") = "AutoSearch", "..\..\Desktop\C#\플젝\AutoSearch\AutoSearch.csproj", "{34D9255E-6DD1-4034-973D-E299D8C52B29}"
EndProject
Project("{FAE04EC0-301F-11D3-BF4B-00C04F79EFBC}") = "YoutubeSubscriber", "YoutubeSubscriber\YoutubeSubscriber.csproj", "{17762EB9-4A57-4550-8C94-C3FDFAB051F3}"
EndProject
Project("{FAE04EC0-301F-11D3-BF4B-00C04F79EFBC}") = "MenuChoice", "MenuChoice\MenuChoice.csproj", "{92C55C5D-B37C-4298-8B72-E7339198CEB0}"
EndProject
Project("{FAE04EC0-301F-11D3-BF4B-00C04F79EFBC}") = "DigitalClock", "DigitalClock\DigitalClock.csproj", "{8ECE4F85-BD22-4367-BEAF-BE7D3EAB17FD}"
EndProject
Project("{FAE04EC0-301F-11D3-BF4B-00C04F79EFBC}") = "StudentsManagement", "StudentsManagement\StudentsManagement.csproj", "{3E9D496D-B655-4E7A-ABCA-ABF3A0188D39}"
EndProject
Project("{FAE04EC0-301F-11D3-BF4B-00C04F79EFBC}") = "ProcessKill", "ProcessKill\ProcessKill.csproj", "{EBF5F2C0-D30E-4A6C-85E7-C025F235A8DD}"
EndProject
Project("{FAE04EC0-301F-11D3-BF4B-00C04F79EFBC}") = "SimpleNote", "SimpleNote\SimpleNote.csproj", "{EED77B51-E1DE-4B0A-81B6-C0F2AA4354BF}"
EndProject
Project("{FAE04EC0-301F-11D3-BF4B-00C04F79EFBC}") = "BackGround", "BackGround\BackGround.csproj", "{3F6DE91E-C79B-4A1B-833C-B0016FE2C9F3}"
EndProject
Project("{FAE04EC0-301F-11D3-BF4B-00C04F79EFBC}") = "back", "back\back.csproj", "{64AA7419-164D-4A94-961E-A5147DAFB518}"
EndProject
Project("{FAE04EC0-301F-11D3-BF4B-00C04F79EFBC}") = "VendingMachine", "VendingMachine\VendingMachine.csproj", "{F9A1C709-9E52-40B0-BE6B-30E1765F5E50}"
EndProject
Project("{FAE04EC0-301F-11D3-BF4B-00C04F79EFBC}") = "ServerSocket", "ServerSocket\ServerSocket.csproj", "{5838E4B6-9EAB-4860-84EB-0352295FF7E8}"
EndProject
Project("{FAE04EC0-301F-11D3-BF4B-00C04F79EFBC}") = "ClientSocket", "ClientSocket\ClientSocket.csproj", "{4A77E20B-1A96-480D-B552-5BD5A03FF1D8}"
EndProject
Project("{FAE04EC0-301F-11D3-BF4B-00C04F79EFBC}") = "Tcp_Server", "TcpServer\Tcp_Server.csproj", "{1F305D76-B2B9-4868-A142-F38A71E402FD}"
EndProject
Project("{FAE04EC0-301F-11D3-BF4B-00C04F79EFBC}") = "Tcp_Client", "TcpClient\Tcp_Client.csproj", "{84BD8652-9C01-45C5-BCB1-C52E49CEAABF}"
EndProject
Project("{FAE04EC0-301F-11D3-BF4B-00C04F79EFBC}") = "Tcp_Server_xlsx", "Tcp_Server_xlsx\Tcp_Server_xlsx.csproj", "{0DF3D9A2-F66B-45D1-9804-32CCF52E5420}"
EndProject
Project("{FAE04EC0-301F-11D3-BF4B-00C04F79EFBC}") = "Tcp_Client_xlsx", "Tcp_Client_xlsx\Tcp_Client_xlsx.csproj", "{B83E5E8C-509F-4B42-851E-4A6612E62257}"
EndProject
Project("{FAE04EC0-301F-11D3-BF4B-00C04F79EFBC}") = "Tcp_Server_exe", "Tcp_Server_exe\Tcp_Server_exe.csproj", "{89017C4D-6342-468C-84BD-7D92FC7A81B1}"
EndProject
Project("{FAE04EC0-301F-11D3-BF4B-00C04F79EFBC}") = "Tcp_Client_exe", "Tcp_Client_exe\Tcp_Client_exe.csproj", "{872B7AE4-0CFE-409D-B191-92AC2D7C19D3}"
EndProject
Project("{FAE04EC0-301F-11D3-BF4B-00C04F79EFBC}") = "Translator", "Translator\Translator.csproj", "{EA0B17FA-4453-4181-86FC-B83DE1F63145}"
EndProject
Project("{FAE04EC0-301F-11D3-BF4B-00C04F79EFBC}") = "NGCrawler", "NGCrawler\NGCrawler.csproj", "{195CCB13-248E-4848-856C-066CF7E3DCEE}"
EndProject
Project("{FAE04EC0-301F-11D3-BF4B-00C04F79EFBC}") = "ImagePicture", "ImagePicture\ImagePicture.csproj", "{0D000C2B-2FC2-42A8-8AB5-359306A4C820}"
EndProject
Project("{FAE04EC0-301F-11D3-BF4B-00C04F79EFBC}") = "NaverCrawler", "NaverCrawler\NaverCrawler.csproj", "{17D0F974-237F-4F37-BBCE-B3E2F1EA383F}"
EndProject
Project("{FAE04EC0-301F-11D3-BF4B-00C04F79EFBC}") = "TIcTacToeGame", "TIcTacToe\TIcTacToeGame.csproj", "{F7D1CD3A-D9B9-4323-B48E-4E7377942CC9}"
EndProject
Global
	GlobalSection(SolutionConfigurationPlatforms) = preSolution
		Debug|Any CPU = Debug|Any CPU
		Release|Any CPU = Release|Any CPU
	EndGlobalSection
	GlobalSection(ProjectConfigurationPlatforms) = postSolution
		{38322089-D446-4134-9FDD-5767A89F7F05}.Debug|Any CPU.ActiveCfg = Debug|Any CPU
		{38322089-D446-4134-9FDD-5767A89F7F05}.Debug|Any CPU.Build.0 = Debug|Any CPU
		{38322089-D446-4134-9FDD-5767A89F7F05}.Release|Any CPU.ActiveCfg = Release|Any CPU
		{38322089-D446-4134-9FDD-5767A89F7F05}.Release|Any CPU.Build.0 = Release|Any CPU
		{72D911B1-0747-4604-ABA8-361172FAA330}.Debug|Any CPU.ActiveCfg = Debug|Any CPU
		{72D911B1-0747-4604-ABA8-361172FAA330}.Debug|Any CPU.Build.0 = Debug|Any CPU
		{72D911B1-0747-4604-ABA8-361172FAA330}.Release|Any CPU.ActiveCfg = Release|Any CPU
		{72D911B1-0747-4604-ABA8-361172FAA330}.Release|Any CPU.Build.0 = Release|Any CPU
		{7B7C2511-2596-4C0B-8D64-98C654667761}.Debug|Any CPU.ActiveCfg = Debug|Any CPU
		{7B7C2511-2596-4C0B-8D64-98C654667761}.Debug|Any CPU.Build.0 = Debug|Any CPU
		{7B7C2511-2596-4C0B-8D64-98C654667761}.Release|Any CPU.ActiveCfg = Release|Any CPU
		{7B7C2511-2596-4C0B-8D64-98C654667761}.Release|Any CPU.Build.0 = Release|Any CPU
		{DBC9E3E2-4ACD-4EAA-9314-ED720EEA4E6B}.Debug|Any CPU.ActiveCfg = Debug|Any CPU
		{DBC9E3E2-4ACD-4EAA-9314-ED720EEA4E6B}.Debug|Any CPU.Build.0 = Debug|Any CPU
		{DBC9E3E2-4ACD-4EAA-9314-ED720EEA4E6B}.Release|Any CPU.ActiveCfg = Release|Any CPU
		{DBC9E3E2-4ACD-4EAA-9314-ED720EEA4E6B}.Release|Any CPU.Build.0 = Release|Any CPU
		{966CA0BB-6AE2-4284-9003-A6F991596A89}.Debug|Any CPU.ActiveCfg = Debug|Any CPU
		{966CA0BB-6AE2-4284-9003-A6F991596A89}.Debug|Any CPU.Build.0 = Debug|Any CPU
		{966CA0BB-6AE2-4284-9003-A6F991596A89}.Release|Any CPU.ActiveCfg = Release|Any CPU
		{966CA0BB-6AE2-4284-9003-A6F991596A89}.Release|Any CPU.Build.0 = Release|Any CPU
		{34D9255E-6DD1-4034-973D-E299D8C52B29}.Debug|Any CPU.ActiveCfg = Debug|Any CPU
		{34D9255E-6DD1-4034-973D-E299D8C52B29}.Debug|Any CPU.Build.0 = Debug|Any CPU
		{34D9255E-6DD1-4034-973D-E299D8C52B29}.Release|Any CPU.ActiveCfg = Release|Any CPU
		{34D9255E-6DD1-4034-973D-E299D8C52B29}.Release|Any CPU.Build.0 = Release|Any CPU
		{17762EB9-4A57-4550-8C94-C3FDFAB051F3}.Debug|Any CPU.ActiveCfg = Debug|Any CPU
		{17762EB9-4A57-4550-8C94-C3FDFAB051F3}.Debug|Any CPU.Build.0 = Debug|Any CPU
		{17762EB9-4A57-4550-8C94-C3FDFAB051F3}.Release|Any CPU.ActiveCfg = Release|Any CPU
		{17762EB9-4A57-4550-8C94-C3FDFAB051F3}.Release|Any CPU.Build.0 = Release|Any CPU
		{92C55C5D-B37C-4298-8B72-E7339198CEB0}.Debug|Any CPU.ActiveCfg = Debug|Any CPU
		{92C55C5D-B37C-4298-8B72-E7339198CEB0}.Debug|Any CPU.Build.0 = Debug|Any CPU
		{92C55C5D-B37C-4298-8B72-E7339198CEB0}.Release|Any CPU.ActiveCfg = Release|Any CPU
		{92C55C5D-B37C-4298-8B72-E7339198CEB0}.Release|Any CPU.Build.0 = Release|Any CPU
		{8ECE4F85-BD22-4367-BEAF-BE7D3EAB17FD}.Debug|Any CPU.ActiveCfg = Debug|Any CPU
		{8ECE4F85-BD22-4367-BEAF-BE7D3EAB17FD}.Debug|Any CPU.Build.0 = Debug|Any CPU
		{8ECE4F85-BD22-4367-BEAF-BE7D3EAB17FD}.Release|Any CPU.ActiveCfg = Release|Any CPU
		{8ECE4F85-BD22-4367-BEAF-BE7D3EAB17FD}.Release|Any CPU.Build.0 = Release|Any CPU
		{3E9D496D-B655-4E7A-ABCA-ABF3A0188D39}.Debug|Any CPU.ActiveCfg = Debug|Any CPU
		{3E9D496D-B655-4E7A-ABCA-ABF3A0188D39}.Debug|Any CPU.Build.0 = Debug|Any CPU
		{3E9D496D-B655-4E7A-ABCA-ABF3A0188D39}.Release|Any CPU.ActiveCfg = Release|Any CPU
		{3E9D496D-B655-4E7A-ABCA-ABF3A0188D39}.Release|Any CPU.Build.0 = Release|Any CPU
		{EBF5F2C0-D30E-4A6C-85E7-C025F235A8DD}.Debug|Any CPU.ActiveCfg = Debug|Any CPU
		{EBF5F2C0-D30E-4A6C-85E7-C025F235A8DD}.Debug|Any CPU.Build.0 = Debug|Any CPU
		{EBF5F2C0-D30E-4A6C-85E7-C025F235A8DD}.Release|Any CPU.ActiveCfg = Release|Any CPU
		{EBF5F2C0-D30E-4A6C-85E7-C025F235A8DD}.Release|Any CPU.Build.0 = Release|Any CPU
		{EED77B51-E1DE-4B0A-81B6-C0F2AA4354BF}.Debug|Any CPU.ActiveCfg = Debug|Any CPU
		{EED77B51-E1DE-4B0A-81B6-C0F2AA4354BF}.Debug|Any CPU.Build.0 = Debug|Any CPU
		{EED77B51-E1DE-4B0A-81B6-C0F2AA4354BF}.Release|Any CPU.ActiveCfg = Release|Any CPU
		{EED77B51-E1DE-4B0A-81B6-C0F2AA4354BF}.Release|Any CPU.Build.0 = Release|Any CPU
		{3F6DE91E-C79B-4A1B-833C-B0016FE2C9F3}.Debug|Any CPU.ActiveCfg = Debug|Any CPU
		{3F6DE91E-C79B-4A1B-833C-B0016FE2C9F3}.Debug|Any CPU.Build.0 = Debug|Any CPU
		{3F6DE91E-C79B-4A1B-833C-B0016FE2C9F3}.Release|Any CPU.ActiveCfg = Release|Any CPU
		{3F6DE91E-C79B-4A1B-833C-B0016FE2C9F3}.Release|Any CPU.Build.0 = Release|Any CPU
		{64AA7419-164D-4A94-961E-A5147DAFB518}.Debug|Any CPU.ActiveCfg = Debug|Any CPU
		{64AA7419-164D-4A94-961E-A5147DAFB518}.Debug|Any CPU.Build.0 = Debug|Any CPU
		{64AA7419-164D-4A94-961E-A5147DAFB518}.Release|Any CPU.ActiveCfg = Release|Any CPU
		{64AA7419-164D-4A94-961E-A5147DAFB518}.Release|Any CPU.Build.0 = Release|Any CPU
		{F9A1C709-9E52-40B0-BE6B-30E1765F5E50}.Debug|Any CPU.ActiveCfg = Debug|Any CPU
		{F9A1C709-9E52-40B0-BE6B-30E1765F5E50}.Debug|Any CPU.Build.0 = Debug|Any CPU
		{F9A1C709-9E52-40B0-BE6B-30E1765F5E50}.Release|Any CPU.ActiveCfg = Release|Any CPU
		{F9A1C709-9E52-40B0-BE6B-30E1765F5E50}.Release|Any CPU.Build.0 = Release|Any CPU
		{5838E4B6-9EAB-4860-84EB-0352295FF7E8}.Debug|Any CPU.ActiveCfg = Debug|Any CPU
		{5838E4B6-9EAB-4860-84EB-0352295FF7E8}.Debug|Any CPU.Build.0 = Debug|Any CPU
		{5838E4B6-9EAB-4860-84EB-0352295FF7E8}.Release|Any CPU.ActiveCfg = Release|Any CPU
		{5838E4B6-9EAB-4860-84EB-0352295FF7E8}.Release|Any CPU.Build.0 = Release|Any CPU
		{4A77E20B-1A96-480D-B552-5BD5A03FF1D8}.Debug|Any CPU.ActiveCfg = Debug|Any CPU
		{4A77E20B-1A96-480D-B552-5BD5A03FF1D8}.Debug|Any CPU.Build.0 = Debug|Any CPU
		{4A77E20B-1A96-480D-B552-5BD5A03FF1D8}.Release|Any CPU.ActiveCfg = Release|Any CPU
		{4A77E20B-1A96-480D-B552-5BD5A03FF1D8}.Release|Any CPU.Build.0 = Release|Any CPU
		{1F305D76-B2B9-4868-A142-F38A71E402FD}.Debug|Any CPU.ActiveCfg = Debug|Any CPU
		{1F305D76-B2B9-4868-A142-F38A71E402FD}.Debug|Any CPU.Build.0 = Debug|Any CPU
		{1F305D76-B2B9-4868-A142-F38A71E402FD}.Release|Any CPU.ActiveCfg = Release|Any CPU
		{1F305D76-B2B9-4868-A142-F38A71E402FD}.Release|Any CPU.Build.0 = Release|Any CPU
		{84BD8652-9C01-45C5-BCB1-C52E49CEAABF}.Debug|Any CPU.ActiveCfg = Debug|Any CPU
		{84BD8652-9C01-45C5-BCB1-C52E49CEAABF}.Debug|Any CPU.Build.0 = Debug|Any CPU
		{84BD8652-9C01-45C5-BCB1-C52E49CEAABF}.Release|Any CPU.ActiveCfg = Release|Any CPU
		{84BD8652-9C01-45C5-BCB1-C52E49CEAABF}.Release|Any CPU.Build.0 = Release|Any CPU
		{0DF3D9A2-F66B-45D1-9804-32CCF52E5420}.Debug|Any CPU.ActiveCfg = Debug|Any CPU
		{0DF3D9A2-F66B-45D1-9804-32CCF52E5420}.Debug|Any CPU.Build.0 = Debug|Any CPU
		{0DF3D9A2-F66B-45D1-9804-32CCF52E5420}.Release|Any CPU.ActiveCfg = Release|Any CPU
		{0DF3D9A2-F66B-45D1-9804-32CCF52E5420}.Release|Any CPU.Build.0 = Release|Any CPU
		{B83E5E8C-509F-4B42-851E-4A6612E62257}.Debug|Any CPU.ActiveCfg = Debug|Any CPU
		{B83E5E8C-509F-4B42-851E-4A6612E62257}.Debug|Any CPU.Build.0 = Debug|Any CPU
		{B83E5E8C-509F-4B42-851E-4A6612E62257}.Release|Any CPU.ActiveCfg = Release|Any CPU
		{B83E5E8C-509F-4B42-851E-4A6612E62257}.Release|Any CPU.Build.0 = Release|Any CPU
		{89017C4D-6342-468C-84BD-7D92FC7A81B1}.Debug|Any CPU.ActiveCfg = Debug|Any CPU
		{89017C4D-6342-468C-84BD-7D92FC7A81B1}.Debug|Any CPU.Build.0 = Debug|Any CPU
		{89017C4D-6342-468C-84BD-7D92FC7A81B1}.Release|Any CPU.ActiveCfg = Release|Any CPU
		{89017C4D-6342-468C-84BD-7D92FC7A81B1}.Release|Any CPU.Build.0 = Release|Any CPU
		{872B7AE4-0CFE-409D-B191-92AC2D7C19D3}.Debug|Any CPU.ActiveCfg = Debug|Any CPU
		{872B7AE4-0CFE-409D-B191-92AC2D7C19D3}.Debug|Any CPU.Build.0 = Debug|Any CPU
		{872B7AE4-0CFE-409D-B191-92AC2D7C19D3}.Release|Any CPU.ActiveCfg = Release|Any CPU
		{872B7AE4-0CFE-409D-B191-92AC2D7C19D3}.Release|Any CPU.Build.0 = Release|Any CPU
		{EA0B17FA-4453-4181-86FC-B83DE1F63145}.Debug|Any CPU.ActiveCfg = Debug|Any CPU
		{EA0B17FA-4453-4181-86FC-B83DE1F63145}.Debug|Any CPU.Build.0 = Debug|Any CPU
		{EA0B17FA-4453-4181-86FC-B83DE1F63145}.Release|Any CPU.ActiveCfg = Release|Any CPU
		{EA0B17FA-4453-4181-86FC-B83DE1F63145}.Release|Any CPU.Build.0 = Release|Any CPU
		{195CCB13-248E-4848-856C-066CF7E3DCEE}.Debug|Any CPU.ActiveCfg = Debug|Any CPU
		{195CCB13-248E-4848-856C-066CF7E3DCEE}.Debug|Any CPU.Build.0 = Debug|Any CPU
		{195CCB13-248E-4848-856C-066CF7E3DCEE}.Release|Any CPU.ActiveCfg = Release|Any CPU
		{195CCB13-248E-4848-856C-066CF7E3DCEE}.Release|Any CPU.Build.0 = Release|Any CPU
		{0D000C2B-2FC2-42A8-8AB5-359306A4C820}.Debug|Any CPU.ActiveCfg = Debug|Any CPU
		{0D000C2B-2FC2-42A8-8AB5-359306A4C820}.Debug|Any CPU.Build.0 = Debug|Any CPU
		{0D000C2B-2FC2-42A8-8AB5-359306A4C820}.Release|Any CPU.ActiveCfg = Release|Any CPU
		{0D000C2B-2FC2-42A8-8AB5-359306A4C820}.Release|Any CPU.Build.0 = Release|Any CPU
		{17D0F974-237F-4F37-BBCE-B3E2F1EA383F}.Debug|Any CPU.ActiveCfg = Debug|Any CPU
		{17D0F974-237F-4F37-BBCE-B3E2F1EA383F}.Debug|Any CPU.Build.0 = Debug|Any CPU
		{17D0F974-237F-4F37-BBCE-B3E2F1EA383F}.Release|Any CPU.ActiveCfg = Release|Any CPU
		{17D0F974-237F-4F37-BBCE-B3E2F1EA383F}.Release|Any CPU.Build.0 = Release|Any CPU
		{F7D1CD3A-D9B9-4323-B48E-4E7377942CC9}.Debug|Any CPU.ActiveCfg = Debug|Any CPU
		{F7D1CD3A-D9B9-4323-B48E-4E7377942CC9}.Debug|Any CPU.Build.0 = Debug|Any CPU
		{F7D1CD3A-D9B9-4323-B48E-4E7377942CC9}.Release|Any CPU.ActiveCfg = Release|Any CPU
		{F7D1CD3A-D9B9-4323-B48E-4E7377942CC9}.Release|Any CPU.Build.0 = Release|Any CPU
	EndGlobalSection
	GlobalSection(SolutionProperties) = preSolution
		HideSolutionNode = FALSE
	EndGlobalSection
	GlobalSection(ExtensibilityGlobals) = postSolution
		SolutionGuid = {BE289B6D-B00E-47B3-82D9-4C094C17792E}
	EndGlobalSection
EndGlobal
